
Microsoft Visual Studio Solution File, Format Version 12.00
# Visual Studio 2013
VisualStudioVersion = 12.0.30501.0
MinimumVisualStudioVersion = 10.0.40219.1
Project("{2150E333-8FDC-42A3-9474-1A3956D46DE8}") = "interface", "interface", "{32F53E33-8B61-4293-8B1C-C6485451A192}"
EndProject
Project("{FAE04EC0-301F-11D3-BF4B-00C04F79EFBC}") = "MessageDeal", "IMessageDeal\MessageDeal.csproj", "{5D7192B6-A4BC-4F48-9CF2-9513527F254E}"
EndProject
Project("{FAE04EC0-301F-11D3-BF4B-00C04F79EFBC}") = "Learning", "MessageDeal1\Learning.csproj", "{D519F8CB-BA1A-49BB-890B-76F2DF39B824}"
EndProject
Project("{FAE04EC0-301F-11D3-BF4B-00C04F79EFBC}") = "QQChat", "QQChat\QQChat.csproj", "{6C620102-A242-43A6-A306-B8AB7B0C207D}"
	ProjectSection(ProjectDependencies) = postProject
		{440E4E0C-775E-4277-8459-B3BE5F794CD1} = {440E4E0C-775E-4277-8459-B3BE5F794CD1}
		{A198FE7C-BA7B-4139-917F-66F60D733178} = {A198FE7C-BA7B-4139-917F-66F60D733178}
		{9055E584-4C1F-48AE-929C-A7A7E8A89971} = {9055E584-4C1F-48AE-929C-A7A7E8A89971}
		{7134F2A1-66B4-4576-B5F7-E781370202D8} = {7134F2A1-66B4-4576-B5F7-E781370202D8}
		{5D7192B6-A4BC-4F48-9CF2-9513527F254E} = {5D7192B6-A4BC-4F48-9CF2-9513527F254E}
		{D519F8CB-BA1A-49BB-890B-76F2DF39B824} = {D519F8CB-BA1A-49BB-890B-76F2DF39B824}
	EndProjectSection
EndProject
Project("{FAE04EC0-301F-11D3-BF4B-00C04F79EFBC}") = "WebQQ2", "QQUser\WebQQ2.csproj", "{4CBD09CC-4ADA-47F9-B556-814EAAE2D9E8}"
EndProject
Project("{FAE04EC0-301F-11D3-BF4B-00C04F79EFBC}") = "WebApi", "WebApi\WebApi.csproj", "{9055E584-4C1F-48AE-929C-A7A7E8A89971}"
EndProject
Project("{FAE04EC0-301F-11D3-BF4B-00C04F79EFBC}") = "AMeIn", "MeIn\AMeIn.csproj", "{7134F2A1-66B4-4576-B5F7-E781370202D8}"
EndProject
Project("{FAE04EC0-301F-11D3-BF4B-00C04F79EFBC}") = "HaveAJoke", "HaveAJoke\HaveAJoke.csproj", "{A198FE7C-BA7B-4139-917F-66F60D733178}"
EndProject
Project("{2150E333-8FDC-42A3-9474-1A3956D46DE8}") = "App", "App", "{CAEBD991-9E24-467C-8C38-4940C25ECF1C}"
EndProject
Project("{2150E333-8FDC-42A3-9474-1A3956D46DE8}") = "Core", "Core", "{D7A56A07-F495-47B4-A705-891805CA7EE8}"
EndProject
Project("{2150E333-8FDC-42A3-9474-1A3956D46DE8}") = "Core", "Core", "{3F7B4F5A-2577-4148-A3D1-717DB5F0A8C6}"
EndProject
Project("{FAE04EC0-301F-11D3-BF4B-00C04F79EFBC}") = "ZhenyaoBot", "ZhenyaoBot\ZhenyaoBot.csproj", "{440E4E0C-775E-4277-8459-B3BE5F794CD1}"
EndProject
Project("{FAE04EC0-301F-11D3-BF4B-00C04F79EFBC}") = "UnitTestProject1", "UnitTestProject1\UnitTestProject1.csproj", "{15ECE3D9-A3C3-4BF1-B93E-35350865E2E8}"
EndProject
Project("{FAE04EC0-301F-11D3-BF4B-00C04F79EFBC}") = "InfoFindAndSender", "InfoFindAndSender\InfoFindAndSender.csproj", "{58C6F52E-46FB-485E-9044-CDB8FF075232}"
EndProject
Global
	GlobalSection(SolutionConfigurationPlatforms) = preSolution
		Debug|Any CPU = Debug|Any CPU
		Debug|Mixed Platforms = Debug|Mixed Platforms
		Debug|Win32 = Debug|Win32
		Debug|x86 = Debug|x86
		Release|Any CPU = Release|Any CPU
		Release|Mixed Platforms = Release|Mixed Platforms
		Release|Win32 = Release|Win32
		Release|x86 = Release|x86
	EndGlobalSection
	GlobalSection(ProjectConfigurationPlatforms) = postSolution
		{5D7192B6-A4BC-4F48-9CF2-9513527F254E}.Debug|Any CPU.ActiveCfg = Debug|Any CPU
		{5D7192B6-A4BC-4F48-9CF2-9513527F254E}.Debug|Any CPU.Build.0 = Debug|Any CPU
		{5D7192B6-A4BC-4F48-9CF2-9513527F254E}.Debug|Mixed Platforms.ActiveCfg = Debug|Any CPU
		{5D7192B6-A4BC-4F48-9CF2-9513527F254E}.Debug|Mixed Platforms.Build.0 = Debug|Any CPU
		{5D7192B6-A4BC-4F48-9CF2-9513527F254E}.Debug|Win32.ActiveCfg = Debug|Any CPU
		{5D7192B6-A4BC-4F48-9CF2-9513527F254E}.Debug|x86.ActiveCfg = Debug|x86
		{5D7192B6-A4BC-4F48-9CF2-9513527F254E}.Debug|x86.Build.0 = Debug|x86
		{5D7192B6-A4BC-4F48-9CF2-9513527F254E}.Release|Any CPU.ActiveCfg = Release|Any CPU
		{5D7192B6-A4BC-4F48-9CF2-9513527F254E}.Release|Any CPU.Build.0 = Release|Any CPU
		{5D7192B6-A4BC-4F48-9CF2-9513527F254E}.Release|Mixed Platforms.ActiveCfg = Release|Any CPU
		{5D7192B6-A4BC-4F48-9CF2-9513527F254E}.Release|Mixed Platforms.Build.0 = Release|Any CPU
		{5D7192B6-A4BC-4F48-9CF2-9513527F254E}.Release|Win32.ActiveCfg = Release|Any CPU
		{5D7192B6-A4BC-4F48-9CF2-9513527F254E}.Release|x86.ActiveCfg = Release|x86
		{5D7192B6-A4BC-4F48-9CF2-9513527F254E}.Release|x86.Build.0 = Release|x86
		{D519F8CB-BA1A-49BB-890B-76F2DF39B824}.Debug|Any CPU.ActiveCfg = Debug|Any CPU
		{D519F8CB-BA1A-49BB-890B-76F2DF39B824}.Debug|Any CPU.Build.0 = Debug|Any CPU
		{D519F8CB-BA1A-49BB-890B-76F2DF39B824}.Debug|Mixed Platforms.ActiveCfg = Debug|Any CPU
		{D519F8CB-BA1A-49BB-890B-76F2DF39B824}.Debug|Mixed Platforms.Build.0 = Debug|Any CPU
		{D519F8CB-BA1A-49BB-890B-76F2DF39B824}.Debug|Win32.ActiveCfg = Debug|Any CPU
		{D519F8CB-BA1A-49BB-890B-76F2DF39B824}.Debug|x86.ActiveCfg = Debug|x86
		{D519F8CB-BA1A-49BB-890B-76F2DF39B824}.Debug|x86.Build.0 = Debug|x86
		{D519F8CB-BA1A-49BB-890B-76F2DF39B824}.Release|Any CPU.ActiveCfg = Release|Any CPU
		{D519F8CB-BA1A-49BB-890B-76F2DF39B824}.Release|Any CPU.Build.0 = Release|Any CPU
		{D519F8CB-BA1A-49BB-890B-76F2DF39B824}.Release|Mixed Platforms.ActiveCfg = Release|Any CPU
		{D519F8CB-BA1A-49BB-890B-76F2DF39B824}.Release|Mixed Platforms.Build.0 = Release|Any CPU
		{D519F8CB-BA1A-49BB-890B-76F2DF39B824}.Release|Win32.ActiveCfg = Release|Any CPU
		{D519F8CB-BA1A-49BB-890B-76F2DF39B824}.Release|x86.ActiveCfg = Release|x86
		{D519F8CB-BA1A-49BB-890B-76F2DF39B824}.Release|x86.Build.0 = Release|x86
		{6C620102-A242-43A6-A306-B8AB7B0C207D}.Debug|Any CPU.ActiveCfg = Debug|Any CPU
		{6C620102-A242-43A6-A306-B8AB7B0C207D}.Debug|Any CPU.Build.0 = Debug|Any CPU
		{6C620102-A242-43A6-A306-B8AB7B0C207D}.Debug|Mixed Platforms.ActiveCfg = Debug|Any CPU
		{6C620102-A242-43A6-A306-B8AB7B0C207D}.Debug|Mixed Platforms.Build.0 = Debug|Any CPU
		{6C620102-A242-43A6-A306-B8AB7B0C207D}.Debug|Win32.ActiveCfg = Debug|Any CPU
		{6C620102-A242-43A6-A306-B8AB7B0C207D}.Debug|x86.ActiveCfg = Debug|x86
		{6C620102-A242-43A6-A306-B8AB7B0C207D}.Debug|x86.Build.0 = Debug|x86
		{6C620102-A242-43A6-A306-B8AB7B0C207D}.Release|Any CPU.ActiveCfg = Release|Any CPU
		{6C620102-A242-43A6-A306-B8AB7B0C207D}.Release|Any CPU.Build.0 = Release|Any CPU
		{6C620102-A242-43A6-A306-B8AB7B0C207D}.Release|Mixed Platforms.ActiveCfg = Release|Any CPU
		{6C620102-A242-43A6-A306-B8AB7B0C207D}.Release|Mixed Platforms.Build.0 = Release|Any CPU
		{6C620102-A242-43A6-A306-B8AB7B0C207D}.Release|Win32.ActiveCfg = Release|Any CPU
		{6C620102-A242-43A6-A306-B8AB7B0C207D}.Release|x86.ActiveCfg = Release|x86
		{6C620102-A242-43A6-A306-B8AB7B0C207D}.Release|x86.Build.0 = Release|x86
		{4CBD09CC-4ADA-47F9-B556-814EAAE2D9E8}.Debug|Any CPU.ActiveCfg = Debug|Any CPU
		{4CBD09CC-4ADA-47F9-B556-814EAAE2D9E8}.Debug|Any CPU.Build.0 = Debug|Any CPU
		{4CBD09CC-4ADA-47F9-B556-814EAAE2D9E8}.Debug|Mixed Platforms.ActiveCfg = Debug|Any CPU
		{4CBD09CC-4ADA-47F9-B556-814EAAE2D9E8}.Debug|Mixed Platforms.Build.0 = Debug|Any CPU
		{4CBD09CC-4ADA-47F9-B556-814EAAE2D9E8}.Debug|Win32.ActiveCfg = Debug|Any CPU
		{4CBD09CC-4ADA-47F9-B556-814EAAE2D9E8}.Debug|x86.ActiveCfg = Debug|x86
		{4CBD09CC-4ADA-47F9-B556-814EAAE2D9E8}.Debug|x86.Build.0 = Debug|x86
		{4CBD09CC-4ADA-47F9-B556-814EAAE2D9E8}.Release|Any CPU.ActiveCfg = Release|Any CPU
		{4CBD09CC-4ADA-47F9-B556-814EAAE2D9E8}.Release|Any CPU.Build.0 = Release|Any CPU
		{4CBD09CC-4ADA-47F9-B556-814EAAE2D9E8}.Release|Mixed Platforms.ActiveCfg = Release|Any CPU
		{4CBD09CC-4ADA-47F9-B556-814EAAE2D9E8}.Release|Mixed Platforms.Build.0 = Release|Any CPU
		{4CBD09CC-4ADA-47F9-B556-814EAAE2D9E8}.Release|Win32.ActiveCfg = Release|Any CPU
		{4CBD09CC-4ADA-47F9-B556-814EAAE2D9E8}.Release|x86.ActiveCfg = Release|x86
		{4CBD09CC-4ADA-47F9-B556-814EAAE2D9E8}.Release|x86.Build.0 = Release|x86
		{9055E584-4C1F-48AE-929C-A7A7E8A89971}.Debug|Any CPU.ActiveCfg = Debug|Any CPU
		{9055E584-4C1F-48AE-929C-A7A7E8A89971}.Debug|Any CPU.Build.0 = Debug|Any CPU
		{9055E584-4C1F-48AE-929C-A7A7E8A89971}.Debug|Mixed Platforms.ActiveCfg = Debug|Any CPU
		{9055E584-4C1F-48AE-929C-A7A7E8A89971}.Debug|Mixed Platforms.Build.0 = Debug|Any CPU
		{9055E584-4C1F-48AE-929C-A7A7E8A89971}.Debug|Win32.ActiveCfg = Debug|Any CPU
		{9055E584-4C1F-48AE-929C-A7A7E8A89971}.Debug|x86.ActiveCfg = Debug|x86
		{9055E584-4C1F-48AE-929C-A7A7E8A89971}.Debug|x86.Build.0 = Debug|x86
		{9055E584-4C1F-48AE-929C-A7A7E8A89971}.Release|Any CPU.ActiveCfg = Release|Any CPU
		{9055E584-4C1F-48AE-929C-A7A7E8A89971}.Release|Any CPU.Build.0 = Release|Any CPU
		{9055E584-4C1F-48AE-929C-A7A7E8A89971}.Release|Mixed Platforms.ActiveCfg = Release|Any CPU
		{9055E584-4C1F-48AE-929C-A7A7E8A89971}.Release|Mixed Platforms.Build.0 = Release|Any CPU
		{9055E584-4C1F-48AE-929C-A7A7E8A89971}.Release|Win32.ActiveCfg = Release|Any CPU
		{9055E584-4C1F-48AE-929C-A7A7E8A89971}.Release|x86.ActiveCfg = Release|x86
		{9055E584-4C1F-48AE-929C-A7A7E8A89971}.Release|x86.Build.0 = Release|x86
		{7134F2A1-66B4-4576-B5F7-E781370202D8}.Debug|Any CPU.ActiveCfg = Debug|Any CPU
		{7134F2A1-66B4-4576-B5F7-E781370202D8}.Debug|Any CPU.Build.0 = Debug|Any CPU
		{7134F2A1-66B4-4576-B5F7-E781370202D8}.Debug|Mixed Platforms.ActiveCfg = Debug|Any CPU
		{7134F2A1-66B4-4576-B5F7-E781370202D8}.Debug|Mixed Platforms.Build.0 = Debug|Any CPU
		{7134F2A1-66B4-4576-B5F7-E781370202D8}.Debug|Win32.ActiveCfg = Debug|Any CPU
		{7134F2A1-66B4-4576-B5F7-E781370202D8}.Debug|x86.ActiveCfg = Debug|x86
		{7134F2A1-66B4-4576-B5F7-E781370202D8}.Debug|x86.Build.0 = Debug|x86
		{7134F2A1-66B4-4576-B5F7-E781370202D8}.Release|Any CPU.ActiveCfg = Release|Any CPU
		{7134F2A1-66B4-4576-B5F7-E781370202D8}.Release|Any CPU.Build.0 = Release|Any CPU
		{7134F2A1-66B4-4576-B5F7-E781370202D8}.Release|Mixed Platforms.ActiveCfg = Release|Any CPU
		{7134F2A1-66B4-4576-B5F7-E781370202D8}.Release|Mixed Platforms.Build.0 = Release|Any CPU
		{7134F2A1-66B4-4576-B5F7-E781370202D8}.Release|Win32.ActiveCfg = Release|Any CPU
		{7134F2A1-66B4-4576-B5F7-E781370202D8}.Release|x86.ActiveCfg = Release|x86
		{7134F2A1-66B4-4576-B5F7-E781370202D8}.Release|x86.Build.0 = Release|x86
		{A198FE7C-BA7B-4139-917F-66F60D733178}.Debug|Any CPU.ActiveCfg = Debug|Any CPU
		{A198FE7C-BA7B-4139-917F-66F60D733178}.Debug|Any CPU.Build.0 = Debug|Any CPU
		{A198FE7C-BA7B-4139-917F-66F60D733178}.Debug|Mixed Platforms.ActiveCfg = Debug|Any CPU
		{A198FE7C-BA7B-4139-917F-66F60D733178}.Debug|Mixed Platforms.Build.0 = Debug|Any CPU
		{A198FE7C-BA7B-4139-917F-66F60D733178}.Debug|Win32.ActiveCfg = Debug|Any CPU
		{A198FE7C-BA7B-4139-917F-66F60D733178}.Debug|x86.ActiveCfg = Debug|x86
		{A198FE7C-BA7B-4139-917F-66F60D733178}.Debug|x86.Build.0 = Debug|x86
		{A198FE7C-BA7B-4139-917F-66F60D733178}.Release|Any CPU.ActiveCfg = Release|Any CPU
		{A198FE7C-BA7B-4139-917F-66F60D733178}.Release|Any CPU.Build.0 = Release|Any CPU
		{A198FE7C-BA7B-4139-917F-66F60D733178}.Release|Mixed Platforms.ActiveCfg = Release|Any CPU
		{A198FE7C-BA7B-4139-917F-66F60D733178}.Release|Mixed Platforms.Build.0 = Release|Any CPU
		{A198FE7C-BA7B-4139-917F-66F60D733178}.Release|Win32.ActiveCfg = Release|Any CPU
		{A198FE7C-BA7B-4139-917F-66F60D733178}.Release|x86.ActiveCfg = Release|x86
		{A198FE7C-BA7B-4139-917F-66F60D733178}.Release|x86.Build.0 = Release|x86
		{440E4E0C-775E-4277-8459-B3BE5F794CD1}.Debug|Any CPU.ActiveCfg = Debug|Any CPU
		{440E4E0C-775E-4277-8459-B3BE5F794CD1}.Debug|Any CPU.Build.0 = Debug|Any CPU
		{440E4E0C-775E-4277-8459-B3BE5F794CD1}.Debug|Mixed Platforms.ActiveCfg = Debug|Any CPU
		{440E4E0C-775E-4277-8459-B3BE5F794CD1}.Debug|Mixed Platforms.Build.0 = Debug|Any CPU
		{440E4E0C-775E-4277-8459-B3BE5F794CD1}.Debug|Win32.ActiveCfg = Debug|Any CPU
		{440E4E0C-775E-4277-8459-B3BE5F794CD1}.Debug|x86.ActiveCfg = Debug|x86
		{440E4E0C-775E-4277-8459-B3BE5F794CD1}.Debug|x86.Build.0 = Debug|x86
		{440E4E0C-775E-4277-8459-B3BE5F794CD1}.Release|Any CPU.ActiveCfg = Release|Any CPU
		{440E4E0C-775E-4277-8459-B3BE5F794CD1}.Release|Any CPU.Build.0 = Release|Any CPU
		{440E4E0C-775E-4277-8459-B3BE5F794CD1}.Release|Mixed Platforms.ActiveCfg = Release|Any CPU
		{440E4E0C-775E-4277-8459-B3BE5F794CD1}.Release|Mixed Platforms.Build.0 = Release|Any CPU
		{440E4E0C-775E-4277-8459-B3BE5F794CD1}.Release|Win32.ActiveCfg = Release|Any CPU
		{440E4E0C-775E-4277-8459-B3BE5F794CD1}.Release|x86.ActiveCfg = Release|x86
		{440E4E0C-775E-4277-8459-B3BE5F794CD1}.Release|x86.Build.0 = Release|x86
		{15ECE3D9-A3C3-4BF1-B93E-35350865E2E8}.Debug|Any CPU.ActiveCfg = Debug|Any CPU
		{15ECE3D9-A3C3-4BF1-B93E-35350865E2E8}.Debug|Any CPU.Build.0 = Debug|Any CPU
		{15ECE3D9-A3C3-4BF1-B93E-35350865E2E8}.Debug|Mixed Platforms.ActiveCfg = Debug|Any CPU
		{15ECE3D9-A3C3-4BF1-B93E-35350865E2E8}.Debug|Mixed Platforms.Build.0 = Debug|Any CPU
		{15ECE3D9-A3C3-4BF1-B93E-35350865E2E8}.Debug|Win32.ActiveCfg = Debug|Any CPU
		{15ECE3D9-A3C3-4BF1-B93E-35350865E2E8}.Debug|x86.ActiveCfg = Debug|Any CPU
		{15ECE3D9-A3C3-4BF1-B93E-35350865E2E8}.Debug|x86.Build.0 = Debug|Any CPU
		{15ECE3D9-A3C3-4BF1-B93E-35350865E2E8}.Release|Any CPU.ActiveCfg = Release|Any CPU
		{15ECE3D9-A3C3-4BF1-B93E-35350865E2E8}.Release|Any CPU.Build.0 = Release|Any CPU
		{15ECE3D9-A3C3-4BF1-B93E-35350865E2E8}.Release|Mixed Platforms.ActiveCfg = Release|Any CPU
		{15ECE3D9-A3C3-4BF1-B93E-35350865E2E8}.Release|Mixed Platforms.Build.0 = Release|Any CPU
		{15ECE3D9-A3C3-4BF1-B93E-35350865E2E8}.Release|Win32.ActiveCfg = Release|Any CPU
		{15ECE3D9-A3C3-4BF1-B93E-35350865E2E8}.Release|x86.ActiveCfg = Release|Any CPU
		{58C6F52E-46FB-485E-9044-CDB8FF075232}.Debug|Any CPU.ActiveCfg = Debug|Any CPU
		{58C6F52E-46FB-485E-9044-CDB8FF075232}.Debug|Any CPU.Build.0 = Debug|Any CPU
		{58C6F52E-46FB-485E-9044-CDB8FF075232}.Debug|Mixed Platforms.ActiveCfg = Debug|Any CPU
		{58C6F52E-46FB-485E-9044-CDB8FF075232}.Debug|Mixed Platforms.Build.0 = Debug|Any CPU
		{58C6F52E-46FB-485E-9044-CDB8FF075232}.Debug|Win32.ActiveCfg = Debug|Any CPU
		{58C6F52E-46FB-485E-9044-CDB8FF075232}.Debug|x86.ActiveCfg = Debug|x86
		{58C6F52E-46FB-485E-9044-CDB8FF075232}.Debug|x86.Build.0 = Debug|x86
		{58C6F52E-46FB-485E-9044-CDB8FF075232}.Release|Any CPU.ActiveCfg = Release|Any CPU
		{58C6F52E-46FB-485E-9044-CDB8FF075232}.Release|Any CPU.Build.0 = Release|Any CPU
		{58C6F52E-46FB-485E-9044-CDB8FF075232}.Release|Mixed Platforms.ActiveCfg = Release|Any CPU
		{58C6F52E-46FB-485E-9044-CDB8FF075232}.Release|Mixed Platforms.Build.0 = Release|Any CPU
		{58C6F52E-46FB-485E-9044-CDB8FF075232}.Release|Win32.ActiveCfg = Release|Any CPU
		{58C6F52E-46FB-485E-9044-CDB8FF075232}.Release|x86.ActiveCfg = Release|x86
		{58C6F52E-46FB-485E-9044-CDB8FF075232}.Release|x86.Build.0 = Release|x86
	EndGlobalSection
	GlobalSection(SolutionProperties) = preSolution
		HideSolutionNode = FALSE
	EndGlobalSection
	GlobalSection(NestedProjects) = preSolution
		{5D7192B6-A4BC-4F48-9CF2-9513527F254E} = {3F7B4F5A-2577-4148-A3D1-717DB5F0A8C6}
		{D519F8CB-BA1A-49BB-890B-76F2DF39B824} = {32F53E33-8B61-4293-8B1C-C6485451A192}
		{6C620102-A242-43A6-A306-B8AB7B0C207D} = {CAEBD991-9E24-467C-8C38-4940C25ECF1C}
		{4CBD09CC-4ADA-47F9-B556-814EAAE2D9E8} = {D7A56A07-F495-47B4-A705-891805CA7EE8}
		{9055E584-4C1F-48AE-929C-A7A7E8A89971} = {32F53E33-8B61-4293-8B1C-C6485451A192}
		{7134F2A1-66B4-4576-B5F7-E781370202D8} = {32F53E33-8B61-4293-8B1C-C6485451A192}
		{A198FE7C-BA7B-4139-917F-66F60D733178} = {32F53E33-8B61-4293-8B1C-C6485451A192}
		{3F7B4F5A-2577-4148-A3D1-717DB5F0A8C6} = {32F53E33-8B61-4293-8B1C-C6485451A192}
		{440E4E0C-775E-4277-8459-B3BE5F794CD1} = {32F53E33-8B61-4293-8B1C-C6485451A192}
		{15ECE3D9-A3C3-4BF1-B93E-35350865E2E8} = {CAEBD991-9E24-467C-8C38-4940C25ECF1C}
		{58C6F52E-46FB-485E-9044-CDB8FF075232} = {32F53E33-8B61-4293-8B1C-C6485451A192}
	EndGlobalSection
EndGlobal
