
Microsoft Visual Studio Solution File, Format Version 12.00
# Visual Studio 2012
Project("{FAE04EC0-301F-11D3-BF4B-00C04F79EFBC}") = "TempTest", "TempTest\TempTest.csproj", "{3BE3BF9B-AA7B-4222-A00F-A722F9913825}"
EndProject
Project("{FAE04EC0-301F-11D3-BF4B-00C04F79EFBC}") = "personid", "personid\personid.csproj", "{C4F214AA-C353-4758-8630-223E26DF6344}"
EndProject
Project("{FAE04EC0-301F-11D3-BF4B-00C04F79EFBC}") = "CommonTest", "CommonTest\CommonTest.csproj", "{6DFB7257-098C-4463-BF6C-ABFDA1D57815}"
EndProject
Project("{FAE04EC0-301F-11D3-BF4B-00C04F79EFBC}") = "ALinqLicense", "ALinqLicense\ALinqLicense.csproj", "{667C618F-1951-42D8-9E95-850CBEC35027}"
EndProject
Global
	GlobalSection(SolutionConfigurationPlatforms) = preSolution
		Debug|Any CPU = Debug|Any CPU
		Debug|Mixed Platforms = Debug|Mixed Platforms
		Debug|x86 = Debug|x86
		Release|Any CPU = Release|Any CPU
		Release|Mixed Platforms = Release|Mixed Platforms
		Release|x86 = Release|x86
	EndGlobalSection
	GlobalSection(ProjectConfigurationPlatforms) = postSolution
		{3BE3BF9B-AA7B-4222-A00F-A722F9913825}.Debug|Any CPU.ActiveCfg = Debug|x86
		{3BE3BF9B-AA7B-4222-A00F-A722F9913825}.Debug|Any CPU.Build.0 = Debug|x86
		{3BE3BF9B-AA7B-4222-A00F-A722F9913825}.Debug|Mixed Platforms.ActiveCfg = Debug|x86
		{3BE3BF9B-AA7B-4222-A00F-A722F9913825}.Debug|Mixed Platforms.Build.0 = Debug|x86
		{3BE3BF9B-AA7B-4222-A00F-A722F9913825}.Debug|x86.ActiveCfg = Debug|x86
		{3BE3BF9B-AA7B-4222-A00F-A722F9913825}.Debug|x86.Build.0 = Debug|x86
		{3BE3BF9B-AA7B-4222-A00F-A722F9913825}.Release|Any CPU.ActiveCfg = Release|Any CPU
		{3BE3BF9B-AA7B-4222-A00F-A722F9913825}.Release|Any CPU.Build.0 = Release|Any CPU
		{3BE3BF9B-AA7B-4222-A00F-A722F9913825}.Release|Mixed Platforms.ActiveCfg = Release|x86
		{3BE3BF9B-AA7B-4222-A00F-A722F9913825}.Release|Mixed Platforms.Build.0 = Release|x86
		{3BE3BF9B-AA7B-4222-A00F-A722F9913825}.Release|x86.ActiveCfg = Release|x86
		{3BE3BF9B-AA7B-4222-A00F-A722F9913825}.Release|x86.Build.0 = Release|x86
		{C4F214AA-C353-4758-8630-223E26DF6344}.Debug|Any CPU.ActiveCfg = Debug|Any CPU
		{C4F214AA-C353-4758-8630-223E26DF6344}.Debug|Any CPU.Build.0 = Debug|Any CPU
		{C4F214AA-C353-4758-8630-223E26DF6344}.Debug|Mixed Platforms.ActiveCfg = Debug|Any CPU
		{C4F214AA-C353-4758-8630-223E26DF6344}.Debug|Mixed Platforms.Build.0 = Debug|Any CPU
		{C4F214AA-C353-4758-8630-223E26DF6344}.Debug|x86.ActiveCfg = Debug|x86
		{C4F214AA-C353-4758-8630-223E26DF6344}.Debug|x86.Build.0 = Debug|x86
		{C4F214AA-C353-4758-8630-223E26DF6344}.Release|Any CPU.ActiveCfg = Release|Any CPU
		{C4F214AA-C353-4758-8630-223E26DF6344}.Release|Any CPU.Build.0 = Release|Any CPU
		{C4F214AA-C353-4758-8630-223E26DF6344}.Release|Mixed Platforms.ActiveCfg = Release|Any CPU
		{C4F214AA-C353-4758-8630-223E26DF6344}.Release|Mixed Platforms.Build.0 = Release|Any CPU
		{C4F214AA-C353-4758-8630-223E26DF6344}.Release|x86.ActiveCfg = Release|x86
		{C4F214AA-C353-4758-8630-223E26DF6344}.Release|x86.Build.0 = Release|x86
		{6DFB7257-098C-4463-BF6C-ABFDA1D57815}.Debug|Any CPU.ActiveCfg = Debug|Any CPU
		{6DFB7257-098C-4463-BF6C-ABFDA1D57815}.Debug|Any CPU.Build.0 = Debug|Any CPU
		{6DFB7257-098C-4463-BF6C-ABFDA1D57815}.Debug|Mixed Platforms.ActiveCfg = Debug|Any CPU
		{6DFB7257-098C-4463-BF6C-ABFDA1D57815}.Debug|Mixed Platforms.Build.0 = Debug|Any CPU
		{6DFB7257-098C-4463-BF6C-ABFDA1D57815}.Debug|x86.ActiveCfg = Debug|Any CPU
		{6DFB7257-098C-4463-BF6C-ABFDA1D57815}.Release|Any CPU.ActiveCfg = Release|Any CPU
		{6DFB7257-098C-4463-BF6C-ABFDA1D57815}.Release|Any CPU.Build.0 = Release|Any CPU
		{6DFB7257-098C-4463-BF6C-ABFDA1D57815}.Release|Mixed Platforms.ActiveCfg = Release|Any CPU
		{6DFB7257-098C-4463-BF6C-ABFDA1D57815}.Release|Mixed Platforms.Build.0 = Release|Any CPU
		{6DFB7257-098C-4463-BF6C-ABFDA1D57815}.Release|x86.ActiveCfg = Release|x86
		{6DFB7257-098C-4463-BF6C-ABFDA1D57815}.Release|x86.Build.0 = Release|x86
		{667C618F-1951-42D8-9E95-850CBEC35027}.Debug|Any CPU.ActiveCfg = Debug|Any CPU
		{667C618F-1951-42D8-9E95-850CBEC35027}.Debug|Any CPU.Build.0 = Debug|Any CPU
		{667C618F-1951-42D8-9E95-850CBEC35027}.Debug|Mixed Platforms.ActiveCfg = Debug|x86
		{667C618F-1951-42D8-9E95-850CBEC35027}.Debug|Mixed Platforms.Build.0 = Debug|x86
		{667C618F-1951-42D8-9E95-850CBEC35027}.Debug|x86.ActiveCfg = Debug|x86
		{667C618F-1951-42D8-9E95-850CBEC35027}.Debug|x86.Build.0 = Debug|x86
		{667C618F-1951-42D8-9E95-850CBEC35027}.Release|Any CPU.ActiveCfg = Release|Any CPU
		{667C618F-1951-42D8-9E95-850CBEC35027}.Release|Any CPU.Build.0 = Release|Any CPU
		{667C618F-1951-42D8-9E95-850CBEC35027}.Release|Mixed Platforms.ActiveCfg = Release|x86
		{667C618F-1951-42D8-9E95-850CBEC35027}.Release|Mixed Platforms.Build.0 = Release|x86
		{667C618F-1951-42D8-9E95-850CBEC35027}.Release|x86.ActiveCfg = Release|x86
		{667C618F-1951-42D8-9E95-850CBEC35027}.Release|x86.Build.0 = Release|x86
	EndGlobalSection
	GlobalSection(SolutionProperties) = preSolution
		HideSolutionNode = FALSE
	EndGlobalSection
EndGlobal
